// !$*UTF8*$!
{
	archiveVersion = 1;
	classes = {
	};
	objectVersion = 48;
	objects = {

/* Begin PBXBuildFile section */
		F58AD9131FBD077200974159 /* AppDelegate.m in Sources */ = {isa = PBXBuildFile; fileRef = F58AD9121FBD077200974159 /* AppDelegate.m */; };
		F58AD9161FBD077200974159 /* ViewController.m in Sources */ = {isa = PBXBuildFile; fileRef = F58AD9151FBD077200974159 /* ViewController.m */; };
		F58AD9191FBD077200974159 /* Main.storyboard in Resources */ = {isa = PBXBuildFile; fileRef = F58AD9171FBD077200974159 /* Main.storyboard */; };
		F58AD91B1FBD077200974159 /* Assets.xcassets in Resources */ = {isa = PBXBuildFile; fileRef = F58AD91A1FBD077200974159 /* Assets.xcassets */; };
		F58AD91E1FBD077200974159 /* LaunchScreen.storyboard in Resources */ = {isa = PBXBuildFile; fileRef = F58AD91C1FBD077200974159 /* LaunchScreen.storyboard */; };
		F58AD9211FBD077200974159 /* main.m in Sources */ = {isa = PBXBuildFile; fileRef = F58AD9201FBD077200974159 /* main.m */; };
/* End PBXBuildFile section */

/* Begin PBXFileReference section */
		F58AD90E1FBD077200974159 /* sc05-SearchBar.app */ = {isa = PBXFileReference; explicitFileType = wrapper.application; includeInIndex = 0; path = "sc05-SearchBar.app"; sourceTree = BUILT_PRODUCTS_DIR; };
		F58AD9111FBD077200974159 /* AppDelegate.h */ = {isa = PBXFileReference; lastKnownFileType = sourcecode.c.h; path = AppDelegate.h; sourceTree = "<group>"; };
		F58AD9121FBD077200974159 /* AppDelegate.m */ = {isa = PBXFileReference; lastKnownFileType = sourcecode.c.objc; path = AppDelegate.m; sourceTree = "<group>"; };
		F58AD9141FBD077200974159 /* ViewController.h */ = {isa = PBXFileReference; lastKnownFileType = sourcecode.c.h; path = ViewController.h; sourceTree = "<group>"; };
		F58AD9151FBD077200974159 /* ViewController.m */ = {isa = PBXFileReference; lastKnownFileType = sourcecode.c.objc; path = ViewController.m; sourceTree = "<group>"; };
		F58AD9181FBD077200974159 /* Base */ = {isa = PBXFileReference; lastKnownFileType = file.storyboard; name = Base; path = Base.lproj/Main.storyboard; sourceTree = "<group>"; };
		F58AD91A1FBD077200974159 /* Assets.xcassets */ = {isa = PBXFileReference; lastKnownFileType = folder.assetcatalog; path = Assets.xcassets; sourceTree = "<group>"; };
		F58AD91D1FBD077200974159 /* Base */ = {isa = PBXFileReference; lastKnownFileType = file.storyboard; name = Base; path = Base.lproj/LaunchScreen.storyboard; sourceTree = "<group>"; };
		F58AD91F1FBD077200974159 /* Info.plist */ = {isa = PBXFileReference; lastKnownFileType = text.plist.xml; path = Info.plist; sourceTree = "<group>"; };
		F58AD9201FBD077200974159 /* main.m */ = {isa = PBXFileReference; lastKnownFileType = sourcecode.c.objc; path = main.m; sourceTree = "<group>"; };
/* End PBXFileReference section */

/* Begin PBXFrameworksBuildPhase section */
		F58AD90B1FBD077200974159 /* Frameworks */ = {
			isa = PBXFrameworksBuildPhase;
			buildActionMask = 2147483647;
			files = (
			);
			runOnlyForDeploymentPostprocessing = 0;
		};
/* End PBXFrameworksBuildPhase section */

/* Begin PBXGroup section */
		F58AD9051FBD077200974159 = {
			isa = PBXGroup;
			children = (
				F58AD9101FBD077200974159 /* sc05-SearchBar */,
				F58AD90F1FBD077200974159 /* Products */,
			);
			sourceTree = "<group>";
		};
		F58AD90F1FBD077200974159 /* Products */ = {
			isa = PBXGroup;
			children = (
				F58AD90E1FBD077200974159 /* sc05-SearchBar.app */,
			);
			name = Products;
			sourceTree = "<group>";
		};
		F58AD9101FBD077200974159 /* sc05-SearchBar */ = {
			isa = PBXGroup;
			children = (
				F58AD9111FBD077200974159 /* AppDelegate.h */,
				F58AD9121FBD077200974159 /* AppDelegate.m */,
				F58AD9141FBD077200974159 /* ViewController.h */,
				F58AD9151FBD077200974159 /* ViewController.m */,
				F58AD9171FBD077200974159 /* Main.storyboard */,
				F58AD91A1FBD077200974159 /* Assets.xcassets */,
				F58AD91C1FBD077200974159 /* LaunchScreen.storyboard */,
				F58AD91F1FBD077200974159 /* Info.plist */,
				F58AD9201FBD077200974159 /* main.m */,
			);
			path = "sc05-SearchBar";
			sourceTree = "<group>";
		};
/* End PBXGroup section */

/* Begin PBXNativeTarget section */
		F58AD90D1FBD077200974159 /* sc05-SearchBar */ = {
			isa = PBXNativeTarget;
			buildConfigurationList = F58AD9241FBD077200974159 /* Build configuration list for PBXNativeTarget "sc05-SearchBar" */;
			buildPhases = (
				F58AD90A1FBD077200974159 /* Sources */,
				F58AD90B1FBD077200974159 /* Frameworks */,
				F58AD90C1FBD077200974159 /* Resources */,
			);
			buildRules = (
			);
			dependencies = (
			);
			name = "sc05-SearchBar";
			productName = "sc05-SearchBar";
			productReference = F58AD90E1FBD077200974159 /* sc05-SearchBar.app */;
			productType = "com.apple.product-type.application";
		};
/* End PBXNativeTarget section */

/* Begin PBXProject section */
		F58AD9061FBD077200974159 /* Project object */ = {
			isa = PBXProject;
			attributes = {
				LastUpgradeCheck = 0910;
				ORGANIZATIONNAME = "Asdruval De Leon";
				TargetAttributes = {
					F58AD90D1FBD077200974159 = {
						CreatedOnToolsVersion = 9.1;
						ProvisioningStyle = Automatic;
					};
				};
			};
			buildConfigurationList = F58AD9091FBD077200974159 /* Build configuration list for PBXProject "sc05-SearchBar" */;
			compatibilityVersion = "Xcode 8.0";
			developmentRegion = en;
			hasScannedForEncodings = 0;
			knownRegions = (
				en,
				Base,
			);
			mainGroup = F58AD9051FBD077200974159;
			productRefGroup = F58AD90F1FBD077200974159 /* Products */;
			projectDirPath = "";
			projectRoot = "";
			targets = (
				F58AD90D1FBD077200974159 /* sc05-SearchBar */,
			);
		};
/* End PBXProject section */

/* Begin PBXResourcesBuildPhase section */
		F58AD90C1FBD077200974159 /* Resources */ = {
			isa = PBXResourcesBuildPhase;
			buildActionMask = 2147483647;
			files = (
				F58AD91E1FBD077200974159 /* LaunchScreen.storyboard in Resources */,
				F58AD91B1FBD077200974159 /* Assets.xcassets in Resources */,
				F58AD9191FBD077200974159 /* Main.storyboard in Resources */,
			);
			runOnlyForDeploymentPostprocessing = 0;
		};
/* End PBXResourcesBuildPhase section */

/* Begin PBXSourcesBuildPhase section */
		F58AD90A1FBD077200974159 /* Sources */ = {
			isa = PBXSourcesBuildPhase;
			buildActionMask = 2147483647;
			files = (
				F58AD9161FBD077200974159 /* ViewController.m in Sources */,
				F58AD9211FBD077200974159 /* main.m in Sources */,
				F58AD9131FBD077200974159 /* AppDelegate.m in Sources */,
			);
			runOnlyForDeploymentPostprocessing = 0;
		};
/* End PBXSourcesBuildPhase section */

/* Begin PBXVariantGroup section */
		F58AD9171FBD077200974159 /* Main.storyboard */ = {
			isa = PBXVariantGroup;
			children = (
				F58AD9181FBD077200974159 /* Base */,
			);
			name = Main.storyboard;
			sourceTree = "<group>";
		};
		F58AD91C1FBD077200974159 /* LaunchScreen.storyboard */ = {
			isa = PBXVariantGroup;
			children = (
				F58AD91D1FBD077200974159 /* Base */,
			);
			name = LaunchScreen.storyboard;
			sourceTree = "<group>";
		};
/* End PBXVariantGroup section */

/* Begin XCBuildConfiguration section */
		F58AD9221FBD077200974159 /* Debug */ = {
			isa = XCBuildConfiguration;
			buildSettings = {
				ALWAYS_SEARCH_USER_PATHS = NO;
				CLANG_ANALYZER_NONNULL = YES;
				CLANG_ANALYZER_NUMBER_OBJECT_CONVERSION = YES_AGGRESSIVE;
				CLANG_CXX_LANGUAGE_STANDARD = "gnu++14";
				CLANG_CXX_LIBRARY = "libc++";
				CLANG_ENABLE_MODULES = YES;
				CLANG_ENABLE_OBJC_ARC = YES;
				CLANG_WARN_BLOCK_CAPTURE_AUTORELEASING = YES;
				CLANG_WARN_BOOL_CONVERSION = YES;
				CLANG_WARN_COMMA = YES;
				CLANG_WARN_CONSTANT_CONVERSION = YES;
				CLANG_WARN_DIRECT_OBJC_ISA_USAGE = YES_ERROR;
				CLANG_WARN_DOCUMENTATION_COMMENTS = YES;
				CLANG_WARN_EMPTY_BODY = YES;
				CLANG_WARN_ENUM_CONVERSION = YES;
				CLANG_WARN_INFINITE_RECURSION = YES;
				CLANG_WARN_INT_CONVERSION = YES;
				CLANG_WARN_NON_LITERAL_NULL_CONVERSION = YES;
				CLANG_WARN_OBJC_LITERAL_CONVERSION = YES;
				CLANG_WARN_OBJC_ROOT_CLASS = YES_ERROR;
				CLANG_WARN_RANGE_LOOP_ANALYSIS = YES;
				CLANG_WARN_STRICT_PROTOTYPES = YES;
				CLANG_WARN_SUSPICIOUS_MOVE = YES;
				CLANG_WARN_UNGUARDED_AVAILABILITY = YES_AGGRESSIVE;
				CLANG_WARN_UNREACHABLE_CODE = YES;
				CLANG_WARN__DUPLICATE_METHOD_MATCH = YES;
				CODE_SIGN_IDENTITY = "iPhone Developer";
				COPY_PHASE_STRIP = NO;
				DEBUG_INFORMATION_FORMAT = dwarf;
				ENABLE_STRICT_OBJC_MSGSEND = YES;
				ENABLE_TESTABILITY = YES;
				GCC_C_LANGUAGE_STANDARD = gnu11;
				GCC_DYNAMIC_NO_PIC = NO;
				GCC_NO_COMMON_BLOCKS = YES;
				GCC_OPTIMIZATION_LEVEL = 0;
				GCC_PREPROCESSOR_DEFINITIONS = (
					"DEBUG=1",
					"$(inherited)",
				);
				GCC_WARN_64_TO_32_BIT_CONVERSION = YES;
				GCC_WARN_ABOUT_RETURN_TYPE = YES_ERROR;
				GCC_WARN_UNDECLARED_SELECTOR = YES;
				GCC_WARN_UNINITIALIZED_AUTOS = YES_AGGRESSIVE;
				GCC_WARN_UNUSED_FUNCTION = YES;
				GCC_WARN_UNUSED_VARIABLE = YES;
				IPHONEOS_DEPLOYMENT_TARGET = 11.1;
				MTL_ENABLE_DEBUG_INFO = YES;
				ONLY_ACTIVE_ARCH = YES;
				SDKROOT = iphoneos;
			};
			name = Debug;
		};
		F58AD9231FBD077200974159 /* Release */ = {
			isa = XCBuildConfiguration;
			buildSettings = {
				ALWAYS_SEARCH_USER_PATHS = NO;
				CLANG_ANALYZER_NONNULL = YES;
				CLANG_ANALYZER_NUMBER_OBJECT_CONVERSION = YES_AGGRESSIVE;
				CLANG_CXX_LANGUAGE_STANDARD = "gnu++14";
				CLANG_CXX_LIBRARY = "libc++";
				CLANG_ENABLE_MODULES = YES;
				CLANG_ENABLE_OBJC_ARC = YES;
				CLANG_WARN_BLOCK_CAPTURE_AUTORELEASING = YES;
				CLANG_WARN_BOOL_CONVERSION = YES;
				CLANG_WARN_COMMA = YES;
				CLANG_WARN_CONSTANT_CONVERSION = YES;
				CLANG_WARN_DIRECT_OBJC_ISA_USAGE = YES_ERROR;
				CLANG_WARN_DOCUMENTATION_COMMENTS = YES;
				CLANG_WARN_EMPTY_BODY = YES;
				CLANG_WARN_ENUM_CONVERSION = YES;
				CLANG_WARN_INFINITE_RECURSION = YES;
				CLANG_WARN_INT_CONVERSION = YES;
				CLANG_WARN_NON_LITERAL_NULL_CONVERSION = YES;
				CLANG_WARN_OBJC_LITERAL_CONVERSION = YES;
				CLANG_WARN_OBJC_ROOT_CLASS = YES_ERROR;
				CLANG_WARN_RANGE_LOOP_ANALYSIS = YES;
				CLANG_WARN_STRICT_PROTOTYPES = YES;
				CLANG_WARN_SUSPICIOUS_MOVE = YES;
				CLANG_WARN_UNGUARDED_AVAILABILITY = YES_AGGRESSIVE;
				CLANG_WARN_UNREACHABLE_CODE = YES;
				CLANG_WARN__DUPLICATE_METHOD_MATCH = YES;
				CODE_SIGN_IDENTITY = "iPhone Developer";
				COPY_PHASE_STRIP = NO;
				DEBUG_INFORMATION_FORMAT = "dwarf-with-dsym";
				ENABLE_NS_ASSERTIONS = NO;
				ENABLE_STRICT_OBJC_MSGSEND = YES;
				GCC_C_LANGUAGE_STANDARD = gnu11;
				GCC_NO_COMMON_BLOCKS = YES;
				GCC_WARN_64_TO_32_BIT_CONVERSION = YES;
				GCC_WARN_ABOUT_RETURN_TYPE = YES_ERROR;
				GCC_WARN_UNDECLARED_SELECTOR = YES;
				GCC_WARN_UNINITIALIZED_AUTOS = YES_AGGRESSIVE;
				GCC_WARN_UNUSED_FUNCTION = YES;
				GCC_WARN_UNUSED_VARIABLE = YES;
				IPHONEOS_DEPLOYMENT_TARGET = 11.1;
				MTL_ENABLE_DEBUG_INFO = NO;
				SDKROOT = iphoneos;
				VALIDATE_PRODUCT = YES;
			};
			name = Release;
		};
		F58AD9251FBD077200974159 /* Debug */ = {
			isa = XCBuildConfiguration;
			buildSettings = {
				ASSETCATALOG_COMPILER_APPICON_NAME = AppIcon;
				CODE_SIGN_STYLE = Automatic;
				DEVELOPMENT_TEAM = P2245T84ZP;
				INFOPLIST_FILE = "sc05-SearchBar/Info.plist";
				LD_RUNPATH_SEARCH_PATHS = "$(inherited) @executable_path/Frameworks";
				PRODUCT_BUNDLE_IDENTIFIER = "com.itcpremier.sc05-SearchBar";
				PRODUCT_NAME = "$(TARGET_NAME)";
				TARGETED_DEVICE_FAMILY = "1,2";
			};
			name = Debug;
		};
		F58AD9261FBD077200974159 /* Release */ = {
			isa = XCBuildConfiguration;
			buildSettings = {
				ASSETCATALOG_COMPILER_APPICON_NAME = AppIcon;
				CODE_SIGN_STYLE = Automatic;
				DEVELOPMENT_TEAM = P2245T84ZP;
				INFOPLIST_FILE = "sc05-SearchBar/Info.plist";
				LD_RUNPATH_SEARCH_PATHS = "$(inherited) @executable_path/Frameworks";
				PRODUCT_BUNDLE_IDENTIFIER = "com.itcpremier.sc05-SearchBar";
				PRODUCT_NAME = "$(TARGET_NAME)";
				TARGETED_DEVICE_FAMILY = "1,2";
			};
			name = Release;
		};
/* End XCBuildConfiguration section */

/* Begin XCConfigurationList section */
		F58AD9091FBD077200974159 /* Build configuration list for PBXProject "sc05-SearchBar" */ = {
			isa = XCConfigurationList;
			buildConfigurations = (
				F58AD9221FBD077200974159 /* Debug */,
				F58AD9231FBD077200974159 /* Release */,
			);
			defaultConfigurationIsVisible = 0;
			defaultConfigurationName = Release;
		};
		F58AD9241FBD077200974159 /* Build configuration list for PBXNativeTarget "sc05-SearchBar" */ = {
			isa = XCConfigurationList;
			buildConfigurations = (
				F58AD9251FBD077200974159 /* Debug */,
				F58AD9261FBD077200974159 /* Release */,
			);
			defaultConfigurationIsVisible = 0;
			defaultConfigurationName = Release;
		};
/* End XCConfigurationList section */
	};
	rootObject = F58AD9061FBD077200974159 /* Project object */;
}
